
Microsoft Visual Studio Solution File, Format Version 12.00
# Visual Studio 15
VisualStudioVersion = 15.0.28307.572
MinimumVisualStudioVersion = 10.0.40219.1
Project("{FAE04EC0-301F-11D3-BF4B-00C04F79EFBC}") = "EGym", "EGym\EGym.csproj", "{B01D52E3-C1F7-41E4-9DFA-339B4CA084D5}"
EndProject
Global
	GlobalSection(SolutionConfigurationPlatforms) = preSolution
		Debug|Any CPU = Debug|Any CPU
		Release|Any CPU = Release|Any CPU
	EndGlobalSection
	GlobalSection(ProjectConfigurationPlatforms) = postSolution
		{B01D52E3-C1F7-41E4-9DFA-339B4CA084D5}.Debug|Any CPU.ActiveCfg = Debug|Any CPU
		{B01D52E3-C1F7-41E4-9DFA-339B4CA084D5}.Debug|Any CPU.Build.0 = Debug|Any CPU
		{B01D52E3-C1F7-41E4-9DFA-339B4CA084D5}.Release|Any CPU.ActiveCfg = Release|Any CPU
		{B01D52E3-C1F7-41E4-9DFA-339B4CA084D5}.Release|Any CPU.Build.0 = Release|Any CPU
	EndGlobalSection
	GlobalSection(SolutionProperties) = preSolution
		HideSolutionNode = FALSE
	EndGlobalSection
	GlobalSection(ExtensibilityGlobals) = postSolution
		SolutionGuid = {F1FCD1E5-A7AE-4177-B394-F7D9FACD9910}
	EndGlobalSection
EndGlobal
